
Microsoft Visual Studio Solution File, Format Version 12.00
# Visual Studio Version 17
VisualStudioVersion = 17.11.35327.3
MinimumVisualStudioVersion = 10.0.40219.1
Project("{9A19103F-16F7-4668-BE54-9A1E7A4F7556}") = "capa_datos", "capa_datos.csproj", "{A36CF812-213E-4570-A23A-124B8DEDD8DA}"
EndProject
Global
	GlobalSection(SolutionConfigurationPlatforms) = preSolution
		Debug|Any CPU = Debug|Any CPU
		Release|Any CPU = Release|Any CPU
	EndGlobalSection
	GlobalSection(ProjectConfigurationPlatforms) = postSolution
		{A36CF812-213E-4570-A23A-124B8DEDD8DA}.Debug|Any CPU.ActiveCfg = Debug|Any CPU
		{A36CF812-213E-4570-A23A-124B8DEDD8DA}.Debug|Any CPU.Build.0 = Debug|Any CPU
		{A36CF812-213E-4570-A23A-124B8DEDD8DA}.Release|Any CPU.ActiveCfg = Release|Any CPU
		{A36CF812-213E-4570-A23A-124B8DEDD8DA}.Release|Any CPU.Build.0 = Release|Any CPU
	EndGlobalSection
	GlobalSection(SolutionProperties) = preSolution
		HideSolutionNode = FALSE
	EndGlobalSection
	GlobalSection(ExtensibilityGlobals) = postSolution
		SolutionGuid = {6B5CD783-3741-476F-B602-0CB4C8C54596}
	EndGlobalSection
EndGlobal
